
Microsoft Visual Studio Solution File, Format Version 12.00
Project("{FAE04EC0-301F-11D3-BF4B-00C04F79EFBC}") = "EliteMistRemover", "EliteMistRemover\EliteMistRemover.csproj", "{F7EC9DE1-9A03-449A-912C-9ED92A845053}"
EndProject
Global
	GlobalSection(SolutionConfigurationPlatforms) = preSolution
		Debug|Any CPU = Debug|Any CPU
		Release|Any CPU = Release|Any CPU
	EndGlobalSection
	GlobalSection(ProjectConfigurationPlatforms) = postSolution
		{F7EC9DE1-9A03-449A-912C-9ED92A845053}.Debug|Any CPU.ActiveCfg = Debug|Any CPU
		{F7EC9DE1-9A03-449A-912C-9ED92A845053}.Debug|Any CPU.Build.0 = Debug|Any CPU
		{F7EC9DE1-9A03-449A-912C-9ED92A845053}.Release|Any CPU.ActiveCfg = Release|Any CPU
		{F7EC9DE1-9A03-449A-912C-9ED92A845053}.Release|Any CPU.Build.0 = Release|Any CPU
	EndGlobalSection
EndGlobal
